
Microsoft Visual Studio Solution File, Format Version 12.00
# Visual Studio Version 17
VisualStudioVersion = 17.10.34607.79
MinimumVisualStudioVersion = 10.0.40219.1
Project("{FAE04EC0-301F-11D3-BF4B-00C04F79EFBC}") = "AnotherPractice", "AnotherPractice\AnotherPractice.csproj", "{61097648-EF62-4C5C-89D3-84A80C86DCC1}"
EndProject
Project("{FAE04EC0-301F-11D3-BF4B-00C04F79EFBC}") = "AnotherPractice.Blazor", "AnotherPractice.Blazor\AnotherPractice.Blazor.csproj", "{3AA2B22B-E376-436B-80EA-589EDB791296}"
EndProject
Global
	GlobalSection(SolutionConfigurationPlatforms) = preSolution
		Debug|Any CPU = Debug|Any CPU
		Release|Any CPU = Release|Any CPU
	EndGlobalSection
	GlobalSection(ProjectConfigurationPlatforms) = postSolution
		{61097648-EF62-4C5C-89D3-84A80C86DCC1}.Debug|Any CPU.ActiveCfg = Debug|Any CPU
		{61097648-EF62-4C5C-89D3-84A80C86DCC1}.Debug|Any CPU.Build.0 = Debug|Any CPU
		{61097648-EF62-4C5C-89D3-84A80C86DCC1}.Release|Any CPU.ActiveCfg = Release|Any CPU
		{61097648-EF62-4C5C-89D3-84A80C86DCC1}.Release|Any CPU.Build.0 = Release|Any CPU
		{3AA2B22B-E376-436B-80EA-589EDB791296}.Debug|Any CPU.ActiveCfg = Debug|Any CPU
		{3AA2B22B-E376-436B-80EA-589EDB791296}.Debug|Any CPU.Build.0 = Debug|Any CPU
		{3AA2B22B-E376-436B-80EA-589EDB791296}.Release|Any CPU.ActiveCfg = Release|Any CPU
		{3AA2B22B-E376-436B-80EA-589EDB791296}.Release|Any CPU.Build.0 = Release|Any CPU
	EndGlobalSection
	GlobalSection(SolutionProperties) = preSolution
		HideSolutionNode = FALSE
	EndGlobalSection
	GlobalSection(ExtensibilityGlobals) = postSolution
		SolutionGuid = {A9078169-7D38-4DD2-ACD0-3DB62BED9A2D}
	EndGlobalSection
EndGlobal
